// !$*UTF8*$!
{
	archiveVersion = 1;
	classes = {
	};
	objectVersion = 48;
	objects = {

/* Begin PBXBuildFile section */
		1882D79621413A82003F8097 /* AppDelegate.swift in Sources */ = {isa = PBXBuildFile; fileRef = 1882D79521413A82003F8097 /* AppDelegate.swift */; };
		1882D79821413A82003F8097 /* ViewController.swift in Sources */ = {isa = PBXBuildFile; fileRef = 1882D79721413A82003F8097 /* ViewController.swift */; };
		1882D79B21413A82003F8097 /* Main.storyboard in Resources */ = {isa = PBXBuildFile; fileRef = 1882D79921413A82003F8097 /* Main.storyboard */; };
		1882D79D21413A82003F8097 /* Assets.xcassets in Resources */ = {isa = PBXBuildFile; fileRef = 1882D79C21413A82003F8097 /* Assets.xcassets */; };
		1882D7A021413A82003F8097 /* LaunchScreen.storyboard in Resources */ = {isa = PBXBuildFile; fileRef = 1882D79E21413A82003F8097 /* LaunchScreen.storyboard */; };
		1882D7AB21413A82003F8097 /* firstTests.swift in Sources */ = {isa = PBXBuildFile; fileRef = 1882D7AA21413A82003F8097 /* firstTests.swift */; };
		1882D7B621413A82003F8097 /* firstUITests.swift in Sources */ = {isa = PBXBuildFile; fileRef = 1882D7B521413A82003F8097 /* firstUITests.swift */; };
/* End PBXBuildFile section */

/* Begin PBXContainerItemProxy section */
		1882D7A721413A82003F8097 /* PBXContainerItemProxy */ = {
			isa = PBXContainerItemProxy;
			containerPortal = 1882D78A21413A82003F8097 /* Project object */;
			proxyType = 1;
			remoteGlobalIDString = 1882D79121413A82003F8097;
			remoteInfo = first;
		};
		1882D7B221413A82003F8097 /* PBXContainerItemProxy */ = {
			isa = PBXContainerItemProxy;
			containerPortal = 1882D78A21413A82003F8097 /* Project object */;
			proxyType = 1;
			remoteGlobalIDString = 1882D79121413A82003F8097;
			remoteInfo = first;
		};
/* End PBXContainerItemProxy section */

/* Begin PBXFileReference section */
		1882D79221413A82003F8097 /* first.app */ = {isa = PBXFileReference; explicitFileType = wrapper.application; includeInIndex = 0; path = first.app; sourceTree = BUILT_PRODUCTS_DIR; };
		1882D79521413A82003F8097 /* AppDelegate.swift */ = {isa = PBXFileReference; lastKnownFileType = sourcecode.swift; path = AppDelegate.swift; sourceTree = "<group>"; };
		1882D79721413A82003F8097 /* ViewController.swift */ = {isa = PBXFileReference; lastKnownFileType = sourcecode.swift; path = ViewController.swift; sourceTree = "<group>"; };
		1882D79A21413A82003F8097 /* Base */ = {isa = PBXFileReference; lastKnownFileType = file.storyboard; name = Base; path = Base.lproj/Main.storyboard; sourceTree = "<group>"; };
		1882D79C21413A82003F8097 /* Assets.xcassets */ = {isa = PBXFileReference; lastKnownFileType = folder.assetcatalog; path = Assets.xcassets; sourceTree = "<group>"; };
		1882D79F21413A82003F8097 /* Base */ = {isa = PBXFileReference; lastKnownFileType = file.storyboard; name = Base; path = Base.lproj/LaunchScreen.storyboard; sourceTree = "<group>"; };
		1882D7A121413A82003F8097 /* Info.plist */ = {isa = PBXFileReference; lastKnownFileType = text.plist.xml; path = Info.plist; sourceTree = "<group>"; };
		1882D7A621413A82003F8097 /* firstTests.xctest */ = {isa = PBXFileReference; explicitFileType = wrapper.cfbundle; includeInIndex = 0; path = firstTests.xctest; sourceTree = BUILT_PRODUCTS_DIR; };
		1882D7AA21413A82003F8097 /* firstTests.swift */ = {isa = PBXFileReference; lastKnownFileType = sourcecode.swift; path = firstTests.swift; sourceTree = "<group>"; };
		1882D7AC21413A82003F8097 /* Info.plist */ = {isa = PBXFileReference; lastKnownFileType = text.plist.xml; path = Info.plist; sourceTree = "<group>"; };
		1882D7B121413A82003F8097 /* firstUITests.xctest */ = {isa = PBXFileReference; explicitFileType = wrapper.cfbundle; includeInIndex = 0; path = firstUITests.xctest; sourceTree = BUILT_PRODUCTS_DIR; };
		1882D7B521413A82003F8097 /* firstUITests.swift */ = {isa = PBXFileReference; lastKnownFileType = sourcecode.swift; path = firstUITests.swift; sourceTree = "<group>"; };
		1882D7B721413A82003F8097 /* Info.plist */ = {isa = PBXFileReference; lastKnownFileType = text.plist.xml; path = Info.plist; sourceTree = "<group>"; };
/* End PBXFileReference section */

/* Begin PBXFrameworksBuildPhase section */
		1882D78F21413A82003F8097 /* Frameworks */ = {
			isa = PBXFrameworksBuildPhase;
			buildActionMask = 2147483647;
			files = (
			);
			runOnlyForDeploymentPostprocessing = 0;
		};
		1882D7A321413A82003F8097 /* Frameworks */ = {
			isa = PBXFrameworksBuildPhase;
			buildActionMask = 2147483647;
			files = (
			);
			runOnlyForDeploymentPostprocessing = 0;
		};
		1882D7AE21413A82003F8097 /* Frameworks */ = {
			isa = PBXFrameworksBuildPhase;
			buildActionMask = 2147483647;
			files = (
			);
			runOnlyForDeploymentPostprocessing = 0;
		};
/* End PBXFrameworksBuildPhase section */

/* Begin PBXGroup section */
		1882D78921413A82003F8097 = {
			isa = PBXGroup;
			children = (
				1882D79421413A82003F8097 /* first */,
				1882D7A921413A82003F8097 /* firstTests */,
				1882D7B421413A82003F8097 /* firstUITests */,
				1882D79321413A82003F8097 /* Products */,
			);
			sourceTree = "<group>";
		};
		1882D79321413A82003F8097 /* Products */ = {
			isa = PBXGroup;
			children = (
				1882D79221413A82003F8097 /* first.app */,
				1882D7A621413A82003F8097 /* firstTests.xctest */,
				1882D7B121413A82003F8097 /* firstUITests.xctest */,
			);
			name = Products;
			sourceTree = "<group>";
		};
		1882D79421413A82003F8097 /* first */ = {
			isa = PBXGroup;
			children = (
				1882D79521413A82003F8097 /* AppDelegate.swift */,
				1882D79721413A82003F8097 /* ViewController.swift */,
				1882D79921413A82003F8097 /* Main.storyboard */,
				1882D79C21413A82003F8097 /* Assets.xcassets */,
				1882D79E21413A82003F8097 /* LaunchScreen.storyboard */,
				1882D7A121413A82003F8097 /* Info.plist */,
			);
			path = first;
			sourceTree = "<group>";
		};
		1882D7A921413A82003F8097 /* firstTests */ = {
			isa = PBXGroup;
			children = (
				1882D7AA21413A82003F8097 /* firstTests.swift */,
				1882D7AC21413A82003F8097 /* Info.plist */,
			);
			path = firstTests;
			sourceTree = "<group>";
		};
		1882D7B421413A82003F8097 /* firstUITests */ = {
			isa = PBXGroup;
			children = (
				1882D7B521413A82003F8097 /* firstUITests.swift */,
				1882D7B721413A82003F8097 /* Info.plist */,
			);
			path = firstUITests;
			sourceTree = "<group>";
		};
/* End PBXGroup section */

/* Begin PBXNativeTarget section */
		1882D79121413A82003F8097 /* first */ = {
			isa = PBXNativeTarget;
			buildConfigurationList = 1882D7BA21413A82003F8097 /* Build configuration list for PBXNativeTarget "first" */;
			buildPhases = (
				1882D78E21413A82003F8097 /* Sources */,
				1882D78F21413A82003F8097 /* Frameworks */,
				1882D79021413A82003F8097 /* Resources */,
			);
			buildRules = (
			);
			dependencies = (
			);
			name = first;
			productName = first;
			productReference = 1882D79221413A82003F8097 /* first.app */;
			productType = "com.apple.product-type.application";
		};
		1882D7A521413A82003F8097 /* firstTests */ = {
			isa = PBXNativeTarget;
			buildConfigurationList = 1882D7BD21413A82003F8097 /* Build configuration list for PBXNativeTarget "firstTests" */;
			buildPhases = (
				1882D7A221413A82003F8097 /* Sources */,
				1882D7A321413A82003F8097 /* Frameworks */,
				1882D7A421413A82003F8097 /* Resources */,
			);
			buildRules = (
			);
			dependencies = (
				1882D7A821413A82003F8097 /* PBXTargetDependency */,
			);
			name = firstTests;
			productName = firstTests;
			productReference = 1882D7A621413A82003F8097 /* firstTests.xctest */;
			productType = "com.apple.product-type.bundle.unit-test";
		};
		1882D7B021413A82003F8097 /* firstUITests */ = {
			isa = PBXNativeTarget;
			buildConfigurationList = 1882D7C021413A82003F8097 /* Build configuration list for PBXNativeTarget "firstUITests" */;
			buildPhases = (
				1882D7AD21413A82003F8097 /* Sources */,
				1882D7AE21413A82003F8097 /* Frameworks */,
				1882D7AF21413A82003F8097 /* Resources */,
			);
			buildRules = (
			);
			dependencies = (
				1882D7B321413A82003F8097 /* PBXTargetDependency */,
			);
			name = firstUITests;
			productName = firstUITests;
			productReference = 1882D7B121413A82003F8097 /* firstUITests.xctest */;
			productType = "com.apple.product-type.bundle.ui-testing";
		};
/* End PBXNativeTarget section */

/* Begin PBXProject section */
		1882D78A21413A82003F8097 /* Project object */ = {
			isa = PBXProject;
			attributes = {
				LastSwiftUpdateCheck = 0920;
				LastUpgradeCheck = 0920;
				ORGANIZATIONNAME = Apple;
				TargetAttributes = {
					1882D79121413A82003F8097 = {
						CreatedOnToolsVersion = 9.2;
						ProvisioningStyle = Automatic;
					};
					1882D7A521413A82003F8097 = {
						CreatedOnToolsVersion = 9.2;
						ProvisioningStyle = Automatic;
						TestTargetID = 1882D79121413A82003F8097;
					};
					1882D7B021413A82003F8097 = {
						CreatedOnToolsVersion = 9.2;
						ProvisioningStyle = Automatic;
						TestTargetID = 1882D79121413A82003F8097;
					};
				};
			};
			buildConfigurationList = 1882D78D21413A82003F8097 /* Build configuration list for PBXProject "first" */;
			compatibilityVersion = "Xcode 8.0";
			developmentRegion = en;
			hasScannedForEncodings = 0;
			knownRegions = (
				en,
				Base,
			);
			mainGroup = 1882D78921413A82003F8097;
			productRefGroup = 1882D79321413A82003F8097 /* Products */;
			projectDirPath = "";
			projectRoot = "";
			targets = (
				1882D79121413A82003F8097 /* first */,
				1882D7A521413A82003F8097 /* firstTests */,
				1882D7B021413A82003F8097 /* firstUITests */,
			);
		};
/* End PBXProject section */

/* Begin PBXResourcesBuildPhase section */
		1882D79021413A82003F8097 /* Resources */ = {
			isa = PBXResourcesBuildPhase;
			buildActionMask = 2147483647;
			files = (
				1882D7A021413A82003F8097 /* LaunchScreen.storyboard in Resources */,
				1882D79D21413A82003F8097 /* Assets.xcassets in Resources */,
				1882D79B21413A82003F8097 /* Main.storyboard in Resources */,
			);
			runOnlyForDeploymentPostprocessing = 0;
		};
		1882D7A421413A82003F8097 /* Resources */ = {
			isa = PBXResourcesBuildPhase;
			buildActionMask = 2147483647;
			files = (
			);
			runOnlyForDeploymentPostprocessing = 0;
		};
		1882D7AF21413A82003F8097 /* Resources */ = {
			isa = PBXResourcesBuildPhase;
			buildActionMask = 2147483647;
			files = (
			);
			runOnlyForDeploymentPostprocessing = 0;
		};
/* End PBXResourcesBuildPhase section */

/* Begin PBXSourcesBuildPhase section */
		1882D78E21413A82003F8097 /* Sources */ = {
			isa = PBXSourcesBuildPhase;
			buildActionMask = 2147483647;
			files = (
				1882D79821413A82003F8097 /* ViewController.swift in Sources */,
				1882D79621413A82003F8097 /* AppDelegate.swift in Sources */,
			);
			runOnlyForDeploymentPostprocessing = 0;
		};
		1882D7A221413A82003F8097 /* Sources */ = {
			isa = PBXSourcesBuildPhase;
			buildActionMask = 2147483647;
			files = (
				1882D7AB21413A82003F8097 /* firstTests.swift in Sources */,
			);
			runOnlyForDeploymentPostprocessing = 0;
		};
		1882D7AD21413A82003F8097 /* Sources */ = {
			isa = PBXSourcesBuildPhase;
			buildActionMask = 2147483647;
			files = (
				1882D7B621413A82003F8097 /* firstUITests.swift in Sources */,
			);
			runOnlyForDeploymentPostprocessing = 0;
		};
/* End PBXSourcesBuildPhase section */

/* Begin PBXTargetDependency section */
		1882D7A821413A82003F8097 /* PBXTargetDependency */ = {
			isa = PBXTargetDependency;
			target = 1882D79121413A82003F8097 /* first */;
			targetProxy = 1882D7A721413A82003F8097 /* PBXContainerItemProxy */;
		};
		1882D7B321413A82003F8097 /* PBXTargetDependency */ = {
			isa = PBXTargetDependency;
			target = 1882D79121413A82003F8097 /* first */;
			targetProxy = 1882D7B221413A82003F8097 /* PBXContainerItemProxy */;
		};
/* End PBXTargetDependency section */

/* Begin PBXVariantGroup section */
		1882D79921413A82003F8097 /* Main.storyboard */ = {
			isa = PBXVariantGroup;
			children = (
				1882D79A21413A82003F8097 /* Base */,
			);
			name = Main.storyboard;
			sourceTree = "<group>";
		};
		1882D79E21413A82003F8097 /* LaunchScreen.storyboard */ = {
			isa = PBXVariantGroup;
			children = (
				1882D79F21413A82003F8097 /* Base */,
			);
			name = LaunchScreen.storyboard;
			sourceTree = "<group>";
		};
/* End PBXVariantGroup section */

/* Begin XCBuildConfiguration section */
		1882D7B821413A82003F8097 /* Debug */ = {
			isa = XCBuildConfiguration;
			buildSettings = {
				ALWAYS_SEARCH_USER_PATHS = NO;
				CLANG_ANALYZER_NONNULL = YES;
				CLANG_ANALYZER_NUMBER_OBJECT_CONVERSION = YES_AGGRESSIVE;
				CLANG_CXX_LANGUAGE_STANDARD = "gnu++14";
				CLANG_CXX_LIBRARY = "libc++";
				CLANG_ENABLE_MODULES = YES;
				CLANG_ENABLE_OBJC_ARC = YES;
				CLANG_WARN_BLOCK_CAPTURE_AUTORELEASING = YES;
				CLANG_WARN_BOOL_CONVERSION = YES;
				CLANG_WARN_COMMA = YES;
				CLANG_WARN_CONSTANT_CONVERSION = YES;
				CLANG_WARN_DIRECT_OBJC_ISA_USAGE = YES_ERROR;
				CLANG_WARN_DOCUMENTATION_COMMENTS = YES;
				CLANG_WARN_EMPTY_BODY = YES;
				CLANG_WARN_ENUM_CONVERSION = YES;
				CLANG_WARN_INFINITE_RECURSION = YES;
				CLANG_WARN_INT_CONVERSION = YES;
				CLANG_WARN_NON_LITERAL_NULL_CONVERSION = YES;
				CLANG_WARN_OBJC_LITERAL_CONVERSION = YES;
				CLANG_WARN_OBJC_ROOT_CLASS = YES_ERROR;
				CLANG_WARN_RANGE_LOOP_ANALYSIS = YES;
				CLANG_WARN_STRICT_PROTOTYPES = YES;
				CLANG_WARN_SUSPICIOUS_MOVE = YES;
				CLANG_WARN_UNGUARDED_AVAILABILITY = YES_AGGRESSIVE;
				CLANG_WARN_UNREACHABLE_CODE = YES;
				CLANG_WARN__DUPLICATE_METHOD_MATCH = YES;
				CODE_SIGN_IDENTITY = "iPhone Developer";
				COPY_PHASE_STRIP = NO;
				DEBUG_INFORMATION_FORMAT = dwarf;
				ENABLE_STRICT_OBJC_MSGSEND = YES;
				ENABLE_TESTABILITY = YES;
				GCC_C_LANGUAGE_STANDARD = gnu11;
				GCC_DYNAMIC_NO_PIC = NO;
				GCC_NO_COMMON_BLOCKS = YES;
				GCC_OPTIMIZATION_LEVEL = 0;
				GCC_PREPROCESSOR_DEFINITIONS = (
					"DEBUG=1",
					"$(inherited)",
				);
				GCC_WARN_64_TO_32_BIT_CONVERSION = YES;
				GCC_WARN_ABOUT_RETURN_TYPE = YES_ERROR;
				GCC_WARN_UNDECLARED_SELECTOR = YES;
				GCC_WARN_UNINITIALIZED_AUTOS = YES_AGGRESSIVE;
				GCC_WARN_UNUSED_FUNCTION = YES;
				GCC_WARN_UNUSED_VARIABLE = YES;
				IPHONEOS_DEPLOYMENT_TARGET = 11.2;
				MTL_ENABLE_DEBUG_INFO = YES;
				ONLY_ACTIVE_ARCH = YES;
				SDKROOT = iphoneos;
				SWIFT_ACTIVE_COMPILATION_CONDITIONS = DEBUG;
				SWIFT_OPTIMIZATION_LEVEL = "-Onone";
			};
			name = Debug;
		};
		1882D7B921413A82003F8097 /* Release */ = {
			isa = XCBuildConfiguration;
			buildSettings = {
				ALWAYS_SEARCH_USER_PATHS = NO;
				CLANG_ANALYZER_NONNULL = YES;
				CLANG_ANALYZER_NUMBER_OBJECT_CONVERSION = YES_AGGRESSIVE;
				CLANG_CXX_LANGUAGE_STANDARD = "gnu++14";
				CLANG_CXX_LIBRARY = "libc++";
				CLANG_ENABLE_MODULES = YES;
				CLANG_ENABLE_OBJC_ARC = YES;
				CLANG_WARN_BLOCK_CAPTURE_AUTORELEASING = YES;
				CLANG_WARN_BOOL_CONVERSION = YES;
				CLANG_WARN_COMMA = YES;
				CLANG_WARN_CONSTANT_CONVERSION = YES;
				CLANG_WARN_DIRECT_OBJC_ISA_USAGE = YES_ERROR;
				CLANG_WARN_DOCUMENTATION_COMMENTS = YES;
				CLANG_WARN_EMPTY_BODY = YES;
				CLANG_WARN_ENUM_CONVERSION = YES;
				CLANG_WARN_INFINITE_RECURSION = YES;
				CLANG_WARN_INT_CONVERSION = YES;
				CLANG_WARN_NON_LITERAL_NULL_CONVERSION = YES;
				CLANG_WARN_OBJC_LITERAL_CONVERSION = YES;
				CLANG_WARN_OBJC_ROOT_CLASS = YES_ERROR;
				CLANG_WARN_RANGE_LOOP_ANALYSIS = YES;
				CLANG_WARN_STRICT_PROTOTYPES = YES;
				CLANG_WARN_SUSPICIOUS_MOVE = YES;
				CLANG_WARN_UNGUARDED_AVAILABILITY = YES_AGGRESSIVE;
				CLANG_WARN_UNREACHABLE_CODE = YES;
				CLANG_WARN__DUPLICATE_METHOD_MATCH = YES;
				CODE_SIGN_IDENTITY = "iPhone Developer";
				COPY_PHASE_STRIP = NO;
				DEBUG_INFORMATION_FORMAT = "dwarf-with-dsym";
				ENABLE_NS_ASSERTIONS = NO;
				ENABLE_STRICT_OBJC_MSGSEND = YES;
				GCC_C_LANGUAGE_STANDARD = gnu11;
				GCC_NO_COMMON_BLOCKS = YES;
				GCC_WARN_64_TO_32_BIT_CONVERSION = YES;
				GCC_WARN_ABOUT_RETURN_TYPE = YES_ERROR;
				GCC_WARN_UNDECLARED_SELECTOR = YES;
				GCC_WARN_UNINITIALIZED_AUTOS = YES_AGGRESSIVE;
				GCC_WARN_UNUSED_FUNCTION = YES;
				GCC_WARN_UNUSED_VARIABLE = YES;
				IPHONEOS_DEPLOYMENT_TARGET = 11.2;
				MTL_ENABLE_DEBUG_INFO = NO;
				SDKROOT = iphoneos;
				SWIFT_OPTIMIZATION_LEVEL = "-Owholemodule";
				VALIDATE_PRODUCT = YES;
			};
			name = Release;
		};
		1882D7BB21413A82003F8097 /* Debug */ = {
			isa = XCBuildConfiguration;
			buildSettings = {
				ASSETCATALOG_COMPILER_APPICON_NAME = AppIcon;
				CODE_SIGN_STYLE = Automatic;
				INFOPLIST_FILE = first/Info.plist;
				LD_RUNPATH_SEARCH_PATHS = "$(inherited) @executable_path/Frameworks";
				PRODUCT_BUNDLE_IDENTIFIER = wahab.first;
				PRODUCT_NAME = "$(TARGET_NAME)";
				SWIFT_VERSION = 4.0;
				TARGETED_DEVICE_FAMILY = "1,2";
			};
			name = Debug;
		};
		1882D7BC21413A82003F8097 /* Release */ = {
			isa = XCBuildConfiguration;
			buildSettings = {
				ASSETCATALOG_COMPILER_APPICON_NAME = AppIcon;
				CODE_SIGN_STYLE = Automatic;
				INFOPLIST_FILE = first/Info.plist;
				LD_RUNPATH_SEARCH_PATHS = "$(inherited) @executable_path/Frameworks";
				PRODUCT_BUNDLE_IDENTIFIER = wahab.first;
				PRODUCT_NAME = "$(TARGET_NAME)";
				SWIFT_VERSION = 4.0;
				TARGETED_DEVICE_FAMILY = "1,2";
			};
			name = Release;
		};
		1882D7BE21413A82003F8097 /* Debug */ = {
			isa = XCBuildConfiguration;
			buildSettings = {
				ALWAYS_EMBED_SWIFT_STANDARD_LIBRARIES = YES;
				BUNDLE_LOADER = "$(TEST_HOST)";
				CODE_SIGN_STYLE = Automatic;
				INFOPLIST_FILE = firstTests/Info.plist;
				LD_RUNPATH_SEARCH_PATHS = "$(inherited) @executable_path/Frameworks @loader_path/Frameworks";
				PRODUCT_BUNDLE_IDENTIFIER = wahab.firstTests;
				PRODUCT_NAME = "$(TARGET_NAME)";
				SWIFT_VERSION = 4.0;
				TARGETED_DEVICE_FAMILY = "1,2";
				TEST_HOST = "$(BUILT_PRODUCTS_DIR)/first.app/first";
			};
			name = Debug;
		};
		1882D7BF21413A82003F8097 /* Release */ = {
			isa = XCBuildConfiguration;
			buildSettings = {
				ALWAYS_EMBED_SWIFT_STANDARD_LIBRARIES = YES;
				BUNDLE_LOADER = "$(TEST_HOST)";
				CODE_SIGN_STYLE = Automatic;
				INFOPLIST_FILE = firstTests/Info.plist;
				LD_RUNPATH_SEARCH_PATHS = "$(inherited) @executable_path/Frameworks @loader_path/Frameworks";
				PRODUCT_BUNDLE_IDENTIFIER = wahab.firstTests;
				PRODUCT_NAME = "$(TARGET_NAME)";
				SWIFT_VERSION = 4.0;
				TARGETED_DEVICE_FAMILY = "1,2";
				TEST_HOST = "$(BUILT_PRODUCTS_DIR)/first.app/first";
			};
			name = Release;
		};
		1882D7C121413A82003F8097 /* Debug */ = {
			isa = XCBuildConfiguration;
			buildSettings = {
				ALWAYS_EMBED_SWIFT_STANDARD_LIBRARIES = YES;
				CODE_SIGN_STYLE = Automatic;
				INFOPLIST_FILE = firstUITests/Info.plist;
				LD_RUNPATH_SEARCH_PATHS = "$(inherited) @executable_path/Frameworks @loader_path/Frameworks";
				PRODUCT_BUNDLE_IDENTIFIER = wahab.firstUITests;
				PRODUCT_NAME = "$(TARGET_NAME)";
				SWIFT_VERSION = 4.0;
				TARGETED_DEVICE_FAMILY = "1,2";
				TEST_TARGET_NAME = first;
			};
			name = Debug;
		};
		1882D7C221413A82003F8097 /* Release */ = {
			isa = XCBuildConfiguration;
			buildSettings = {
				ALWAYS_EMBED_SWIFT_STANDARD_LIBRARIES = YES;
				CODE_SIGN_STYLE = Automatic;
				INFOPLIST_FILE = firstUITests/Info.plist;
				LD_RUNPATH_SEARCH_PATHS = "$(inherited) @executable_path/Frameworks @loader_path/Frameworks";
				PRODUCT_BUNDLE_IDENTIFIER = wahab.firstUITests;
				PRODUCT_NAME = "$(TARGET_NAME)";
				SWIFT_VERSION = 4.0;
				TARGETED_DEVICE_FAMILY = "1,2";
				TEST_TARGET_NAME = first;
			};
			name = Release;
		};
/* End XCBuildConfiguration section */

/* Begin XCConfigurationList section */
		1882D78D21413A82003F8097 /* Build configuration list for PBXProject "first" */ = {
			isa = XCConfigurationList;
			buildConfigurations = (
				1882D7B821413A82003F8097 /* Debug */,
				1882D7B921413A82003F8097 /* Release */,
			);
			defaultConfigurationIsVisible = 0;
			defaultConfigurationName = Release;
		};
		1882D7BA21413A82003F8097 /* Build configuration list for PBXNativeTarget "first" */ = {
			isa = XCConfigurationList;
			buildConfigurations = (
				1882D7BB21413A82003F8097 /* Debug */,
				1882D7BC21413A82003F8097 /* Release */,
			);
			defaultConfigurationIsVisible = 0;
			defaultConfigurationName = Release;
		};
		1882D7BD21413A82003F8097 /* Build configuration list for PBXNativeTarget "firstTests" */ = {
			isa = XCConfigurationList;
			buildConfigurations = (
				1882D7BE21413A82003F8097 /* Debug */,
				1882D7BF21413A82003F8097 /* Release */,
			);
			defaultConfigurationIsVisible = 0;
			defaultConfigurationName = Release;
		};
		1882D7C021413A82003F8097 /* Build configuration list for PBXNativeTarget "firstUITests" */ = {
			isa = XCConfigurationList;
			buildConfigurations = (
				1882D7C121413A82003F8097 /* Debug */,
				1882D7C221413A82003F8097 /* Release */,
			);
			defaultConfigurationIsVisible = 0;
			defaultConfigurationName = Release;
		};
/* End XCConfigurationList section */
	};
	rootObject = 1882D78A21413A82003F8097 /* Project object */;
}
